{
  "projects": [
    {
      "projectId": "jkU633o1Cz7HrJdwdxhVHk",
      "version": "16.6.0",
      "dependencies": {},
      "lang": "ts",
      "fileLocks": [
        {
          "assetId": "jkU633o1Cz7HrJdwdxhVHk",
          "type": "projectCss",
          "checksum": "0581d4378bb1604bb5fe3f65bb0a37de"
        }
      ],
      "codegenVersion": "0.0.1"
    },
    {
      "projectId": "ohDidvG9XsCeFumugENU3J",
      "version": "6.19.0",
      "dependencies": {},
      "lang": "ts",
      "fileLocks": [
        {
          "assetId": "ohDidvG9XsCeFumugENU3J",
          "checksum": "de0a0e65174a6a185a8f822af51c6bdd",
          "type": "globalContexts"
        },
        {
          "assetId": "ohDidvG9XsCeFumugENU3J",
          "type": "projectCss",
          "checksum": "fd83b730367fdbde2c69bc6cf31c2a3c"
        }
      ],
      "codegenVersion": "0.0.1"
    },
    {
      "projectId": "caTPwKxj5ZrD9LQ7DMdK4Z",
      "version": "3.33.0",
      "dependencies": {},
      "lang": "ts",
      "fileLocks": [
        {
          "assetId": "caTPwKxj5ZrD9LQ7DMdK4Z",
          "type": "projectCss",
          "checksum": "e1ec850476829c38b0f9b6d4f7ac446a"
        }
      ],
      "codegenVersion": "0.0.1"
    },
    {
      "projectId": "hjKYmYi6HMwK6TRyk7ew5R",
      "version": "6.35.0",
      "dependencies": {},
      "lang": "ts",
      "fileLocks": [
        {
          "assetId": "hjKYmYi6HMwK6TRyk7ew5R",
          "checksum": "ce1c1c4c2068f2505d175a1b6e17d26a",
          "type": "globalContexts"
        },
        {
          "assetId": "hjKYmYi6HMwK6TRyk7ew5R",
          "type": "projectCss",
          "checksum": "e76cee85e96cb3fff580d5552a47cfe4"
        }
      ],
      "codegenVersion": "0.0.1"
    },
    {
      "projectId": "7nJ7UcFmq9UzB6eXfC5z4a",
      "version": "0.25.0",
      "dependencies": {},
      "lang": "ts",
      "fileLocks": [
        {
          "assetId": "7nJ7UcFmq9UzB6eXfC5z4a",
          "type": "projectCss",
          "checksum": "05587b57f22f0ec8bb54543deb39762e"
        }
      ],
      "codegenVersion": "0.0.1"
    },
    {
      "projectId": "oATn9WrAqtDeaLtJDt8hxD",
      "version": "latest",
      "dependencies": {
        "7nJ7UcFmq9UzB6eXfC5z4a": "0.25.0",
        "hjKYmYi6HMwK6TRyk7ew5R": "6.35.0",
        "caTPwKxj5ZrD9LQ7DMdK4Z": "3.33.0",
        "ohDidvG9XsCeFumugENU3J": "6.19.0",
        "jkU633o1Cz7HrJdwdxhVHk": "16.6.0",
        "mqxdhm5p6WHAt7hW1mdcCX": "0.3.0"
      },
      "lang": "ts",
      "fileLocks": [
        {
          "type": "globalVariant",
          "assetId": "t9JQZjUtfPcp",
          "checksum": "875a41681de0972308142ddbfc5d6c94"
        },
        {
          "assetId": "oATn9WrAqtDeaLtJDt8hxD",
          "checksum": "d51e8f1a2428b765dbb5c2d226ee351d",
          "type": "globalContexts"
        },
        {
          "type": "renderModule",
          "assetId": "tlpzCrm3llBR",
          "checksum": "57a7d2daaa7411a45691c39277d69951"
        },
        {
          "type": "cssRules",
          "assetId": "tlpzCrm3llBR",
          "checksum": "57a7d2daaa7411a45691c39277d69951"
        },
        {
          "type": "renderModule",
          "assetId": "n3nqd4CSh5rs",
          "checksum": "adc527bb6bc1c3c80ad5d4e0015f93dc"
        },
        {
          "type": "cssRules",
          "assetId": "n3nqd4CSh5rs",
          "checksum": "adc527bb6bc1c3c80ad5d4e0015f93dc"
        },
        {
          "type": "renderModule",
          "assetId": "XzcuAqtDaHyQ",
          "checksum": "0588a95ad5894303666b39a5e3b8fc2f"
        },
        {
          "type": "cssRules",
          "assetId": "XzcuAqtDaHyQ",
          "checksum": "0588a95ad5894303666b39a5e3b8fc2f"
        },
        {
          "type": "renderModule",
          "assetId": "zoXit50v16ZA",
          "checksum": "133ebfce2fd53891c2a2bc7680e7bcc4"
        },
        {
          "type": "cssRules",
          "assetId": "zoXit50v16ZA",
          "checksum": "133ebfce2fd53891c2a2bc7680e7bcc4"
        },
        {
          "type": "renderModule",
          "assetId": "mcZnlf1V7m_7",
          "checksum": "704261b732e2a1e02bd6089d789c319d"
        },
        {
          "type": "cssRules",
          "assetId": "mcZnlf1V7m_7",
          "checksum": "704261b732e2a1e02bd6089d789c319d"
        },
        {
          "type": "renderModule",
          "assetId": "at931Xm9Xbfa",
          "checksum": "22a57bf89e4f55a2b2eea7d2d40b9d51"
        },
        {
          "type": "cssRules",
          "assetId": "at931Xm9Xbfa",
          "checksum": "22a57bf89e4f55a2b2eea7d2d40b9d51"
        },
        {
          "type": "renderModule",
          "assetId": "E7S-aXs197bk",
          "checksum": "f0b73e0ccd64f20a4024dc960fbf422b"
        },
        {
          "type": "cssRules",
          "assetId": "E7S-aXs197bk",
          "checksum": "f0b73e0ccd64f20a4024dc960fbf422b"
        },
        {
          "type": "renderModule",
          "assetId": "d3HuE4i3pl4l",
          "checksum": "ba89668eceafb49bf9b15fc9b381feda"
        },
        {
          "type": "cssRules",
          "assetId": "d3HuE4i3pl4l",
          "checksum": "ba89668eceafb49bf9b15fc9b381feda"
        },
        {
          "type": "renderModule",
          "assetId": "UX36Icb9Z3gC",
          "checksum": "757684f8965fabe88fde6217487007f5"
        },
        {
          "type": "cssRules",
          "assetId": "UX36Icb9Z3gC",
          "checksum": "757684f8965fabe88fde6217487007f5"
        },
        {
          "type": "renderModule",
          "assetId": "CdxWCDdqQWW3",
          "checksum": "c7614b2896ac2f62a14457696863dfc6"
        },
        {
          "type": "cssRules",
          "assetId": "CdxWCDdqQWW3",
          "checksum": "c7614b2896ac2f62a14457696863dfc6"
        },
        {
          "type": "renderModule",
          "assetId": "hObHos2Se63R",
          "checksum": "381fbbdce6f4b3e217076f106dce8674"
        },
        {
          "type": "cssRules",
          "assetId": "hObHos2Se63R",
          "checksum": "381fbbdce6f4b3e217076f106dce8674"
        },
        {
          "type": "icon",
          "assetId": "nFzhwZ1Z9pNS",
          "checksum": "01481d96efbbb3772ac03e91db258d77"
        },
        {
          "type": "icon",
          "assetId": "yirDa_5F6M9M",
          "checksum": "d7c0778c0f4a6c14213ab6bbe20d6ecc"
        },
        {
          "type": "icon",
          "assetId": "xTB-MTwf7uLF",
          "checksum": "24ae58882975795a861443f525029c6b"
        },
        {
          "type": "image",
          "assetId": "ZsCunOtrpfjI",
          "checksum": "33a37a5d8bdd2cb771db6d44ab11d823"
        },
        {
          "type": "image",
          "assetId": "KpXfgwFlzdZm",
          "checksum": "736e279467d598f299f3c69430b8ae83"
        },
        {
          "type": "image",
          "assetId": "Si7QcRWpycQS",
          "checksum": "b5ae366d81768e5d4f9f14850befcfff"
        },
        {
          "type": "image",
          "assetId": "r2w87ktQEitd",
          "checksum": "5836905f75c547b89538bd3421cbafc1"
        },
        {
          "type": "image",
          "assetId": "hbS1YLtqy6AJ",
          "checksum": "26d23e36f863b4ed069df711ba962d70"
        },
        {
          "type": "image",
          "assetId": "G6y3VpePwSMr",
          "checksum": "1854651ed4e1e6c2409eb86adb86438e"
        },
        {
          "type": "image",
          "assetId": "Q4Wo_NoxgpkR",
          "checksum": "2ca4b47b79e2bb797163909c3d2fc63a"
        },
        {
          "type": "image",
          "assetId": "r2ALpd5rcBG9",
          "checksum": "3aa7d5d91e0bb61072aa3698c23fa488"
        },
        {
          "type": "image",
          "assetId": "f7EH5MhnwPqa",
          "checksum": "12db969087882ebf0e94d9f706e1ffde"
        },
        {
          "type": "image",
          "assetId": "PRgaL8Pe1HtC",
          "checksum": "91b8fa0fe14c607f9e12e637a0096977"
        },
        {
          "type": "globalVariant",
          "assetId": "qQx-TJ6Dn3Wv",
          "checksum": "886e66bb432c51e65d9956d040b70ec7"
        },
        {
          "type": "renderModule",
          "assetId": "MMCuprZ7Cbs1",
          "checksum": "2a0a03a91aa93d024dfb25d8ff8b17d0"
        },
        {
          "type": "cssRules",
          "assetId": "MMCuprZ7Cbs1",
          "checksum": "2a0a03a91aa93d024dfb25d8ff8b17d0"
        },
        {
          "type": "renderModule",
          "assetId": "DUd-yxFV_3vR",
          "checksum": "5cdf5f6fc8bfaef3c3efc08ab474b025"
        },
        {
          "type": "cssRules",
          "assetId": "DUd-yxFV_3vR",
          "checksum": "5cdf5f6fc8bfaef3c3efc08ab474b025"
        },
        {
          "type": "image",
          "assetId": "vrdgKvT-1pUd",
          "checksum": "5a5b0ca73b31e44f8116699c6e72a198"
        },
        {
          "type": "image",
          "assetId": "CfIuFhPHL3qW",
          "checksum": "389e3df7568cfe2c63cabfbe428f3966"
        },
        {
          "type": "image",
          "assetId": "LhzOq1OxNo4Z",
          "checksum": "57b20c25bb765e182d7cd5cc6c5b3aaf"
        },
        {
          "type": "image",
          "assetId": "rOBpFayLbxJG",
          "checksum": "427f386cd50ef42497743fa76bc401e0"
        },
        {
          "type": "image",
          "assetId": "7nN89j8zulTu",
          "checksum": "58983252dcee07eefd81620cde129700"
        },
        {
          "type": "image",
          "assetId": "sGl262TFCxcb",
          "checksum": "599a2d67b758553f185af260ee4f43af"
        },
        {
          "type": "image",
          "assetId": "huYoyBHWOgaT",
          "checksum": "ea1c52b1d7b9c0868247b5837ee7aac5"
        },
        {
          "type": "image",
          "assetId": "cPB7c6VAlGVp",
          "checksum": "cddec1ddc7ca64abe7fd9ac379f001eb"
        },
        {
          "type": "image",
          "assetId": "zsi9yd0Nv41O",
          "checksum": "de4c6815477d51ce4e667c5ea661f0f9"
        },
        {
          "type": "image",
          "assetId": "UQTPXisGQoIi",
          "checksum": "391136742e564821f8df9c8f3427dca0"
        },
        {
          "type": "image",
          "assetId": "nXtBFK7sTtf8",
          "checksum": "0047e9a9ec6383cb23e385b0c21c619b"
        },
        {
          "type": "image",
          "assetId": "jlJWtgBs8Cmm",
          "checksum": "767a75ab74ba4b064f26b29faf18d95d"
        },
        {
          "type": "image",
          "assetId": "tel99_jP4VZD",
          "checksum": "028ec6590c41323c04414ca5d24147df"
        },
        {
          "type": "image",
          "assetId": "O9XqbVGLS8Uw",
          "checksum": "b64e1522fe30b580d32b9523a921a4c5"
        },
        {
          "type": "image",
          "assetId": "5xIATDVxPtkV",
          "checksum": "dad2174f4660364f0b35df6b34931fea"
        },
        {
          "type": "renderModule",
          "assetId": "7-eI8frsoj5D",
          "checksum": "b017ff6cceab70e2778a7bf82e10ee1f"
        },
        {
          "type": "cssRules",
          "assetId": "7-eI8frsoj5D",
          "checksum": "b017ff6cceab70e2778a7bf82e10ee1f"
        },
        {
          "type": "renderModule",
          "assetId": "EN_ThhJDYaVx",
          "checksum": "10c714e8fad2b738b9838926503fa3e1"
        },
        {
          "type": "cssRules",
          "assetId": "EN_ThhJDYaVx",
          "checksum": "10c714e8fad2b738b9838926503fa3e1"
        },
        {
          "type": "renderModule",
          "assetId": "uxCP9nNPQHMp",
          "checksum": "dd706b1e4e900b6c8a97ff3789a3e93c"
        },
        {
          "type": "cssRules",
          "assetId": "uxCP9nNPQHMp",
          "checksum": "dd706b1e4e900b6c8a97ff3789a3e93c"
        },
        {
          "type": "image",
          "assetId": "c8KdZ9p-QA74",
          "checksum": "9013346141440fc89795e43f9db83edc"
        },
        {
          "type": "renderModule",
          "assetId": "lOAhjoWYBUsL",
          "checksum": "0f350488fa5e9f3aac53e8ef97d9df49"
        },
        {
          "type": "cssRules",
          "assetId": "lOAhjoWYBUsL",
          "checksum": "0f350488fa5e9f3aac53e8ef97d9df49"
        },
        {
          "type": "renderModule",
          "assetId": "4o-o7RtBziJg",
          "checksum": "e8f3856b9e4fe2f84fa0ba54a186e280"
        },
        {
          "type": "cssRules",
          "assetId": "4o-o7RtBziJg",
          "checksum": "e8f3856b9e4fe2f84fa0ba54a186e280"
        },
        {
          "type": "renderModule",
          "assetId": "7F91C3rit7JS",
          "checksum": "7031d71221b4025f6c3e43476d854f53"
        },
        {
          "type": "cssRules",
          "assetId": "7F91C3rit7JS",
          "checksum": "7031d71221b4025f6c3e43476d854f53"
        },
        {
          "type": "renderModule",
          "assetId": "JPz3EuOfzdf1",
          "checksum": "02cbb84393d1e096624844fc87210677"
        },
        {
          "type": "cssRules",
          "assetId": "JPz3EuOfzdf1",
          "checksum": "02cbb84393d1e096624844fc87210677"
        },
        {
          "type": "renderModule",
          "assetId": "LYexCHscrrI3",
          "checksum": "093b846191ffaccdbcf6ec9b3c790dbf"
        },
        {
          "type": "cssRules",
          "assetId": "LYexCHscrrI3",
          "checksum": "093b846191ffaccdbcf6ec9b3c790dbf"
        },
        {
          "type": "image",
          "assetId": "CsE2NXB10pI6",
          "checksum": "b46a57ef997a971a99255eadb920f139"
        },
        {
          "type": "renderModule",
          "assetId": "vuYIHjrA3sdV",
          "checksum": "8af2b2ac86e563eb8fc0d2d3d8e59b32"
        },
        {
          "type": "cssRules",
          "assetId": "vuYIHjrA3sdV",
          "checksum": "8af2b2ac86e563eb8fc0d2d3d8e59b32"
        },
        {
          "type": "renderModule",
          "assetId": "EXjmg34ajN5F",
          "checksum": "431e666e82eefc2cbf6a9f24db9718ae"
        },
        {
          "type": "cssRules",
          "assetId": "EXjmg34ajN5F",
          "checksum": "431e666e82eefc2cbf6a9f24db9718ae"
        },
        {
          "type": "renderModule",
          "assetId": "LIYgyqSRFQ2h",
          "checksum": "6d0b7b8639139287f0ed973b259eac3e"
        },
        {
          "type": "cssRules",
          "assetId": "LIYgyqSRFQ2h",
          "checksum": "6d0b7b8639139287f0ed973b259eac3e"
        },
        {
          "type": "renderModule",
          "assetId": "e15fIcfnMP2S",
          "checksum": "50c9c89fe29dc140e686082284b01499"
        },
        {
          "type": "cssRules",
          "assetId": "e15fIcfnMP2S",
          "checksum": "50c9c89fe29dc140e686082284b01499"
        },
        {
          "type": "image",
          "assetId": "huLT_ly0N6Pk",
          "checksum": "6255665114f866be5c1c32c2d49ef65e"
        },
        {
          "type": "image",
          "assetId": "UzTePYlTbOey",
          "checksum": "eaf446118c449ba8ede8362462369fe8"
        },
        {
          "type": "image",
          "assetId": "AdmwXZ5TWpU6",
          "checksum": "4a87832f3fa3f3ea1cd5e548486d2480"
        },
        {
          "type": "image",
          "assetId": "95vexXvvf8mO",
          "checksum": "c305389e7d096f76a42604239444e3a4"
        },
        {
          "type": "image",
          "assetId": "_8lowedOXn9U",
          "checksum": "02d74242da1d3e9e631baf83b334436a"
        },
        {
          "type": "image",
          "assetId": "6vzZdQsCxgAh",
          "checksum": "60fc57d175f81a7700c082d04e6af3b6"
        },
        {
          "type": "image",
          "assetId": "N2L_9ydKbuH7",
          "checksum": "2207b8b7cde393fff2d4912dffaf973d"
        },
        {
          "type": "image",
          "assetId": "6yJE_TFOnB9d",
          "checksum": "f19bb5338674933fb3ff6631f6af6f1c"
        },
        {
          "type": "image",
          "assetId": "s6rihXDnGhId",
          "checksum": "618e8c73620aa7d6241a749ed753ce33"
        },
        {
          "assetId": "oATn9WrAqtDeaLtJDt8hxD",
          "type": "projectCss",
          "checksum": "897c690f8c3a8a5699302830867072d6"
        }
      ],
      "codegenVersion": "0.0.1"
    },
    {
      "projectId": "mqxdhm5p6WHAt7hW1mdcCX",
      "version": "0.3.0",
      "dependencies": {},
      "lang": "ts",
      "fileLocks": [
        {
          "assetId": "mqxdhm5p6WHAt7hW1mdcCX",
          "type": "projectCss",
          "checksum": "e1ec850476829c38b0f9b6d4f7ac446a"
        }
      ],
      "codegenVersion": "0.0.1"
    }
  ],
  "cliVersion": "0.1.318"
}
